apiVersion: sourceplane.io/v1alpha1
kind: CompositionLock
sources:
    - name: example-platform
      kind: oci
      ref: oci://ghcr.io/sourceplane/sumo-ops-platform-orun-stack:0.9.2
      resolvedDigest: sha256:b5d7d9a24a907d84afe7bb9dcb572d2f68398054f3fe4658a382a8703b5b1215
      exports:
        - cloudflare-pages
        - cloudflare-pages-terraform
        - cloudflare-pages-turbo
        - cloudflare-pages-turbo-terraform
        - cloudflare-worker
        - cloudflare-worker-turbo
        - helm-chart
        - helm-values
        - terraform
        - turbo-package
        - workspace
